
Microsoft Visual Studio Solution File, Format Version 12.00
# Visual Studio 15
VisualStudioVersion = 15.0.28307.539
MinimumVisualStudioVersion = 10.0.40219.1
Project("{FAE04EC0-301F-11D3-BF4B-00C04F79EFBC}") = "Task1", "Task1\Task1.csproj", "{A90D47CD-887F-4095-A4C7-A1855F3D7A67}"
EndProject
Global
	GlobalSection(SolutionConfigurationPlatforms) = preSolution
		Debug|Any CPU = Debug|Any CPU
		Release|Any CPU = Release|Any CPU
	EndGlobalSection
	GlobalSection(ProjectConfigurationPlatforms) = postSolution
		{A90D47CD-887F-4095-A4C7-A1855F3D7A67}.Debug|Any CPU.ActiveCfg = Debug|Any CPU
		{A90D47CD-887F-4095-A4C7-A1855F3D7A67}.Debug|Any CPU.Build.0 = Debug|Any CPU
		{A90D47CD-887F-4095-A4C7-A1855F3D7A67}.Release|Any CPU.ActiveCfg = Release|Any CPU
		{A90D47CD-887F-4095-A4C7-A1855F3D7A67}.Release|Any CPU.Build.0 = Release|Any CPU
	EndGlobalSection
	GlobalSection(SolutionProperties) = preSolution
		HideSolutionNode = FALSE
	EndGlobalSection
	GlobalSection(ExtensibilityGlobals) = postSolution
		SolutionGuid = {F6D30807-6831-45AF-8BC9-6BEEEFB8A3A2}
	EndGlobalSection
EndGlobal
